
Microsoft Visual Studio Solution File, Format Version 12.00
# Visual Studio Version 17
VisualStudioVersion = 17.11.35222.181
MinimumVisualStudioVersion = 10.0.40219.1
Project("{9A19103F-16F7-4668-BE54-9A1E7A4F7556}") = "XEngine.Mathematics", "src\XEngine.Mathematics\XEngine.Mathematics.csproj", "{4E8B0A31-6C2F-4A5D-9E3B-1F7C2D5A8B01}"
EndProject
Project("{9A19103F-16F7-4668-BE54-9A1E7A4F7556}") = "XEngine.Mathematics.Tests", "tests\XEngine.Mathematics.Tests\XEngine.Mathematics.Tests.csproj", "{4E8B0A31-6C2F-4A5D-9E3B-1F7C2D5A8B02}"
EndProject
Project("{2150E333-8FDC-42A3-9474-1A3956D46DE8}") = "tests", "tests", "{0AB3BF05-4346-4AA6-1389-037BE0695223}"
EndProject
Project("{FAE04EC0-301F-11D3-BF4B-00C04F79EFBC}") = "XEngine.Architecture.Tests", "tests\XEngine.Architecture.Tests\XEngine.Architecture.Tests.csproj", "{0E8567B9-5A1C-41D0-B22F-069861E55497}"
EndProject
Project("{2150E333-8FDC-42A3-9474-1A3956D46DE8}") = "tools", "tools", "{07C2787E-EAC7-C090-1BA3-A61EC2A24D84}"
EndProject
Project("{FAE04EC0-301F-11D3-BF4B-00C04F79EFBC}") = "AtlasBuilder", "tools\AtlasBuilder\AtlasBuilder.csproj", "{D176AFA1-0060-4DAE-965A-79389DE6EFDA}"
EndProject
Project("{FAE04EC0-301F-11D3-BF4B-00C04F79EFBC}") = "AtlasBuilder.Tests", "tests\AtlasBuilder.Tests\AtlasBuilder.Tests.csproj", "{5165FD96-9D91-4E94-B82D-022C53AA0466}"
EndProject
Project("{2150E333-8FDC-42A3-9474-1A3956D46DE8}") = "src", "src", "{827E0CD3-B72D-47B6-A68D-7590B98EB39B}"
EndProject
Project("{FAE04EC0-301F-11D3-BF4B-00C04F79EFBC}") = "XEngine.Core", "src\XEngine.Core\XEngine.Core.csproj", "{FEA2A9A2-B460-4D98-BA93-E353A1CC89B6}"
EndProject
Project("{FAE04EC0-301F-11D3-BF4B-00C04F79EFBC}") = "XEngine.Windowing", "src\XEngine.Windowing\XEngine.Windowing.csproj", "{7EEF6F6E-6E03-4800-A77F-C5C03463A595}"
EndProject
Project("{FAE04EC0-301F-11D3-BF4B-00C04F79EFBC}") = "XEngine.Core.Tests", "tests\XEngine.Core.Tests\XEngine.Core.Tests.csproj", "{CA59F1D6-5C11-40B5-92B4-215359618ACD}"
EndProject
Project("{FAE04EC0-301F-11D3-BF4B-00C04F79EFBC}") = "XEngine.Windowing.Tests", "tests\XEngine.Windowing.Tests\XEngine.Windowing.Tests.csproj", "{3EAD4FD0-62C4-4D6F-B06A-92E449DD892E}"
EndProject
Project("{FAE04EC0-301F-11D3-BF4B-00C04F79EFBC}") = "WindowSample", "tools\WindowSample\WindowSample.csproj", "{53796230-1EA5-4DC1-BEF5-9EC140716B9F}"
EndProject
Global
	GlobalSection(SolutionConfigurationPlatforms) = preSolution
		Debug|Any CPU = Debug|Any CPU
		Debug|x64 = Debug|x64
		Debug|x86 = Debug|x86
		Release|Any CPU = Release|Any CPU
		Release|x64 = Release|x64
		Release|x86 = Release|x86
	EndGlobalSection
	GlobalSection(ProjectConfigurationPlatforms) = postSolution
		{4E8B0A31-6C2F-4A5D-9E3B-1F7C2D5A8B01}.Debug|Any CPU.ActiveCfg = Debug|Any CPU
		{4E8B0A31-6C2F-4A5D-9E3B-1F7C2D5A8B01}.Debug|Any CPU.Build.0 = Debug|Any CPU
		{4E8B0A31-6C2F-4A5D-9E3B-1F7C2D5A8B01}.Debug|x64.ActiveCfg = Debug|Any CPU
		{4E8B0A31-6C2F-4A5D-9E3B-1F7C2D5A8B01}.Debug|x64.Build.0 = Debug|Any CPU
		{4E8B0A31-6C2F-4A5D-9E3B-1F7C2D5A8B01}.Debug|x86.ActiveCfg = Debug|Any CPU
		{4E8B0A31-6C2F-4A5D-9E3B-1F7C2D5A8B01}.Debug|x86.Build.0 = Debug|Any CPU
		{4E8B0A31-6C2F-4A5D-9E3B-1F7C2D5A8B01}.Release|Any CPU.ActiveCfg = Release|Any CPU
		{4E8B0A31-6C2F-4A5D-9E3B-1F7C2D5A8B01}.Release|Any CPU.Build.0 = Release|Any CPU
		{4E8B0A31-6C2F-4A5D-9E3B-1F7C2D5A8B01}.Release|x64.ActiveCfg = Release|Any CPU
		{4E8B0A31-6C2F-4A5D-9E3B-1F7C2D5A8B01}.Release|x64.Build.0 = Release|Any CPU
		{4E8B0A31-6C2F-4A5D-9E3B-1F7C2D5A8B01}.Release|x86.ActiveCfg = Release|Any CPU
		{4E8B0A31-6C2F-4A5D-9E3B-1F7C2D5A8B01}.Release|x86.Build.0 = Release|Any CPU
		{4E8B0A31-6C2F-4A5D-9E3B-1F7C2D5A8B02}.Debug|Any CPU.ActiveCfg = Debug|Any CPU
		{4E8B0A31-6C2F-4A5D-9E3B-1F7C2D5A8B02}.Debug|Any CPU.Build.0 = Debug|Any CPU
		{4E8B0A31-6C2F-4A5D-9E3B-1F7C2D5A8B02}.Debug|x64.ActiveCfg = Debug|Any CPU
		{4E8B0A31-6C2F-4A5D-9E3B-1F7C2D5A8B02}.Debug|x64.Build.0 = Debug|Any CPU
		{4E8B0A31-6C2F-4A5D-9E3B-1F7C2D5A8B02}.Debug|x86.ActiveCfg = Debug|Any CPU
		{4E8B0A31-6C2F-4A5D-9E3B-1F7C2D5A8B02}.Debug|x86.Build.0 = Debug|Any CPU
		{4E8B0A31-6C2F-4A5D-9E3B-1F7C2D5A8B02}.Release|Any CPU.ActiveCfg = Release|Any CPU
		{4E8B0A31-6C2F-4A5D-9E3B-1F7C2D5A8B02}.Release|Any CPU.Build.0 = Release|Any CPU
		{4E8B0A31-6C2F-4A5D-9E3B-1F7C2D5A8B02}.Release|x64.ActiveCfg = Release|Any CPU
		{4E8B0A31-6C2F-4A5D-9E3B-1F7C2D5A8B02}.Release|x64.Build.0 = Release|Any CPU
		{4E8B0A31-6C2F-4A5D-9E3B-1F7C2D5A8B02}.Release|x86.ActiveCfg = Release|Any CPU
		{4E8B0A31-6C2F-4A5D-9E3B-1F7C2D5A8B02}.Release|x86.Build.0 = Release|Any CPU
		{0E8567B9-5A1C-41D0-B22F-069861E55497}.Debug|Any CPU.ActiveCfg = Debug|Any CPU
		{0E8567B9-5A1C-41D0-B22F-069861E55497}.Debug|Any CPU.Build.0 = Debug|Any CPU
		{0E8567B9-5A1C-41D0-B22F-069861E55497}.Debug|x64.ActiveCfg = Debug|Any CPU
		{0E8567B9-5A1C-41D0-B22F-069861E55497}.Debug|x64.Build.0 = Debug|Any CPU
		{0E8567B9-5A1C-41D0-B22F-069861E55497}.Debug|x86.ActiveCfg = Debug|Any CPU
		{0E8567B9-5A1C-41D0-B22F-069861E55497}.Debug|x86.Build.0 = Debug|Any CPU
		{0E8567B9-5A1C-41D0-B22F-069861E55497}.Release|Any CPU.ActiveCfg = Release|Any CPU
		{0E8567B9-5A1C-41D0-B22F-069861E55497}.Release|Any CPU.Build.0 = Release|Any CPU
		{0E8567B9-5A1C-41D0-B22F-069861E55497}.Release|x64.ActiveCfg = Release|Any CPU
		{0E8567B9-5A1C-41D0-B22F-069861E55497}.Release|x64.Build.0 = Release|Any CPU
		{0E8567B9-5A1C-41D0-B22F-069861E55497}.Release|x86.ActiveCfg = Release|Any CPU
		{0E8567B9-5A1C-41D0-B22F-069861E55497}.Release|x86.Build.0 = Release|Any CPU
		{D176AFA1-0060-4DAE-965A-79389DE6EFDA}.Debug|Any CPU.ActiveCfg = Debug|Any CPU
		{D176AFA1-0060-4DAE-965A-79389DE6EFDA}.Debug|Any CPU.Build.0 = Debug|Any CPU
		{D176AFA1-0060-4DAE-965A-79389DE6EFDA}.Debug|x64.ActiveCfg = Debug|Any CPU
		{D176AFA1-0060-4DAE-965A-79389DE6EFDA}.Debug|x64.Build.0 = Debug|Any CPU
		{D176AFA1-0060-4DAE-965A-79389DE6EFDA}.Debug|x86.ActiveCfg = Debug|Any CPU
		{D176AFA1-0060-4DAE-965A-79389DE6EFDA}.Debug|x86.Build.0 = Debug|Any CPU
		{D176AFA1-0060-4DAE-965A-79389DE6EFDA}.Release|Any CPU.ActiveCfg = Release|Any CPU
		{D176AFA1-0060-4DAE-965A-79389DE6EFDA}.Release|Any CPU.Build.0 = Release|Any CPU
		{D176AFA1-0060-4DAE-965A-79389DE6EFDA}.Release|x64.ActiveCfg = Release|Any CPU
		{D176AFA1-0060-4DAE-965A-79389DE6EFDA}.Release|x64.Build.0 = Release|Any CPU
		{D176AFA1-0060-4DAE-965A-79389DE6EFDA}.Release|x86.ActiveCfg = Release|Any CPU
		{D176AFA1-0060-4DAE-965A-79389DE6EFDA}.Release|x86.Build.0 = Release|Any CPU
		{5165FD96-9D91-4E94-B82D-022C53AA0466}.Debug|Any CPU.ActiveCfg = Debug|Any CPU
		{5165FD96-9D91-4E94-B82D-022C53AA0466}.Debug|Any CPU.Build.0 = Debug|Any CPU
		{5165FD96-9D91-4E94-B82D-022C53AA0466}.Debug|x64.ActiveCfg = Debug|Any CPU
		{5165FD96-9D91-4E94-B82D-022C53AA0466}.Debug|x64.Build.0 = Debug|Any CPU
		{5165FD96-9D91-4E94-B82D-022C53AA0466}.Debug|x86.ActiveCfg = Debug|Any CPU
		{5165FD96-9D91-4E94-B82D-022C53AA0466}.Debug|x86.Build.0 = Debug|Any CPU
		{5165FD96-9D91-4E94-B82D-022C53AA0466}.Release|Any CPU.ActiveCfg = Release|Any CPU
		{5165FD96-9D91-4E94-B82D-022C53AA0466}.Release|Any CPU.Build.0 = Release|Any CPU
		{5165FD96-9D91-4E94-B82D-022C53AA0466}.Release|x64.ActiveCfg = Release|Any CPU
		{5165FD96-9D91-4E94-B82D-022C53AA0466}.Release|x64.Build.0 = Release|Any CPU
		{5165FD96-9D91-4E94-B82D-022C53AA0466}.Release|x86.ActiveCfg = Release|Any CPU
		{5165FD96-9D91-4E94-B82D-022C53AA0466}.Release|x86.Build.0 = Release|Any CPU
		{FEA2A9A2-B460-4D98-BA93-E353A1CC89B6}.Debug|Any CPU.ActiveCfg = Debug|Any CPU
		{FEA2A9A2-B460-4D98-BA93-E353A1CC89B6}.Debug|Any CPU.Build.0 = Debug|Any CPU
		{FEA2A9A2-B460-4D98-BA93-E353A1CC89B6}.Debug|x64.ActiveCfg = Debug|Any CPU
		{FEA2A9A2-B460-4D98-BA93-E353A1CC89B6}.Debug|x64.Build.0 = Debug|Any CPU
		{FEA2A9A2-B460-4D98-BA93-E353A1CC89B6}.Debug|x86.ActiveCfg = Debug|Any CPU
		{FEA2A9A2-B460-4D98-BA93-E353A1CC89B6}.Debug|x86.Build.0 = Debug|Any CPU
		{FEA2A9A2-B460-4D98-BA93-E353A1CC89B6}.Release|Any CPU.ActiveCfg = Release|Any CPU
		{FEA2A9A2-B460-4D98-BA93-E353A1CC89B6}.Release|Any CPU.Build.0 = Release|Any CPU
		{FEA2A9A2-B460-4D98-BA93-E353A1CC89B6}.Release|x64.ActiveCfg = Release|Any CPU
		{FEA2A9A2-B460-4D98-BA93-E353A1CC89B6}.Release|x64.Build.0 = Release|Any CPU
		{FEA2A9A2-B460-4D98-BA93-E353A1CC89B6}.Release|x86.ActiveCfg = Release|Any CPU
		{FEA2A9A2-B460-4D98-BA93-E353A1CC89B6}.Release|x86.Build.0 = Release|Any CPU
		{7EEF6F6E-6E03-4800-A77F-C5C03463A595}.Debug|Any CPU.ActiveCfg = Debug|Any CPU
		{7EEF6F6E-6E03-4800-A77F-C5C03463A595}.Debug|Any CPU.Build.0 = Debug|Any CPU
		{7EEF6F6E-6E03-4800-A77F-C5C03463A595}.Debug|x64.ActiveCfg = Debug|Any CPU
		{7EEF6F6E-6E03-4800-A77F-C5C03463A595}.Debug|x64.Build.0 = Debug|Any CPU
		{7EEF6F6E-6E03-4800-A77F-C5C03463A595}.Debug|x86.ActiveCfg = Debug|Any CPU
		{7EEF6F6E-6E03-4800-A77F-C5C03463A595}.Debug|x86.Build.0 = Debug|Any CPU
		{7EEF6F6E-6E03-4800-A77F-C5C03463A595}.Release|Any CPU.ActiveCfg = Release|Any CPU
		{7EEF6F6E-6E03-4800-A77F-C5C03463A595}.Release|Any CPU.Build.0 = Release|Any CPU
		{7EEF6F6E-6E03-4800-A77F-C5C03463A595}.Release|x64.ActiveCfg = Release|Any CPU
		{7EEF6F6E-6E03-4800-A77F-C5C03463A595}.Release|x64.Build.0 = Release|Any CPU
		{7EEF6F6E-6E03-4800-A77F-C5C03463A595}.Release|x86.ActiveCfg = Release|Any CPU
		{7EEF6F6E-6E03-4800-A77F-C5C03463A595}.Release|x86.Build.0 = Release|Any CPU
		{CA59F1D6-5C11-40B5-92B4-215359618ACD}.Debug|Any CPU.ActiveCfg = Debug|Any CPU
		{CA59F1D6-5C11-40B5-92B4-215359618ACD}.Debug|Any CPU.Build.0 = Debug|Any CPU
		{CA59F1D6-5C11-40B5-92B4-215359618ACD}.Debug|x64.ActiveCfg = Debug|Any CPU
		{CA59F1D6-5C11-40B5-92B4-215359618ACD}.Debug|x64.Build.0 = Debug|Any CPU
		{CA59F1D6-5C11-40B5-92B4-215359618ACD}.Debug|x86.ActiveCfg = Debug|Any CPU
		{CA59F1D6-5C11-40B5-92B4-215359618ACD}.Debug|x86.Build.0 = Debug|Any CPU
		{CA59F1D6-5C11-40B5-92B4-215359618ACD}.Release|Any CPU.ActiveCfg = Release|Any CPU
		{CA59F1D6-5C11-40B5-92B4-215359618ACD}.Release|Any CPU.Build.0 = Release|Any CPU
		{CA59F1D6-5C11-40B5-92B4-215359618ACD}.Release|x64.ActiveCfg = Release|Any CPU
		{CA59F1D6-5C11-40B5-92B4-215359618ACD}.Release|x64.Build.0 = Release|Any CPU
		{CA59F1D6-5C11-40B5-92B4-215359618ACD}.Release|x86.ActiveCfg = Release|Any CPU
		{CA59F1D6-5C11-40B5-92B4-215359618ACD}.Release|x86.Build.0 = Release|Any CPU
		{3EAD4FD0-62C4-4D6F-B06A-92E449DD892E}.Debug|Any CPU.ActiveCfg = Debug|Any CPU
		{3EAD4FD0-62C4-4D6F-B06A-92E449DD892E}.Debug|Any CPU.Build.0 = Debug|Any CPU
		{3EAD4FD0-62C4-4D6F-B06A-92E449DD892E}.Debug|x64.ActiveCfg = Debug|Any CPU
		{3EAD4FD0-62C4-4D6F-B06A-92E449DD892E}.Debug|x64.Build.0 = Debug|Any CPU
		{3EAD4FD0-62C4-4D6F-B06A-92E449DD892E}.Debug|x86.ActiveCfg = Debug|Any CPU
		{3EAD4FD0-62C4-4D6F-B06A-92E449DD892E}.Debug|x86.Build.0 = Debug|Any CPU
		{3EAD4FD0-62C4-4D6F-B06A-92E449DD892E}.Release|Any CPU.ActiveCfg = Release|Any CPU
		{3EAD4FD0-62C4-4D6F-B06A-92E449DD892E}.Release|Any CPU.Build.0 = Release|Any CPU
		{3EAD4FD0-62C4-4D6F-B06A-92E449DD892E}.Release|x64.ActiveCfg = Release|Any CPU
		{3EAD4FD0-62C4-4D6F-B06A-92E449DD892E}.Release|x64.Build.0 = Release|Any CPU
		{3EAD4FD0-62C4-4D6F-B06A-92E449DD892E}.Release|x86.ActiveCfg = Release|Any CPU
		{3EAD4FD0-62C4-4D6F-B06A-92E449DD892E}.Release|x86.Build.0 = Release|Any CPU
		{53796230-1EA5-4DC1-BEF5-9EC140716B9F}.Debug|Any CPU.ActiveCfg = Debug|Any CPU
		{53796230-1EA5-4DC1-BEF5-9EC140716B9F}.Debug|Any CPU.Build.0 = Debug|Any CPU
		{53796230-1EA5-4DC1-BEF5-9EC140716B9F}.Debug|x64.ActiveCfg = Debug|Any CPU
		{53796230-1EA5-4DC1-BEF5-9EC140716B9F}.Debug|x64.Build.0 = Debug|Any CPU
		{53796230-1EA5-4DC1-BEF5-9EC140716B9F}.Debug|x86.ActiveCfg = Debug|Any CPU
		{53796230-1EA5-4DC1-BEF5-9EC140716B9F}.Debug|x86.Build.0 = Debug|Any CPU
		{53796230-1EA5-4DC1-BEF5-9EC140716B9F}.Release|Any CPU.ActiveCfg = Release|Any CPU
		{53796230-1EA5-4DC1-BEF5-9EC140716B9F}.Release|Any CPU.Build.0 = Release|Any CPU
		{53796230-1EA5-4DC1-BEF5-9EC140716B9F}.Release|x64.ActiveCfg = Release|Any CPU
		{53796230-1EA5-4DC1-BEF5-9EC140716B9F}.Release|x64.Build.0 = Release|Any CPU
		{53796230-1EA5-4DC1-BEF5-9EC140716B9F}.Release|x86.ActiveCfg = Release|Any CPU
		{53796230-1EA5-4DC1-BEF5-9EC140716B9F}.Release|x86.Build.0 = Release|Any CPU
	EndGlobalSection
	GlobalSection(SolutionProperties) = preSolution
		HideSolutionNode = FALSE
	EndGlobalSection
	GlobalSection(NestedProjects) = preSolution
		{0E8567B9-5A1C-41D0-B22F-069861E55497} = {0AB3BF05-4346-4AA6-1389-037BE0695223}
		{D176AFA1-0060-4DAE-965A-79389DE6EFDA} = {07C2787E-EAC7-C090-1BA3-A61EC2A24D84}
		{5165FD96-9D91-4E94-B82D-022C53AA0466} = {0AB3BF05-4346-4AA6-1389-037BE0695223}
		{FEA2A9A2-B460-4D98-BA93-E353A1CC89B6} = {827E0CD3-B72D-47B6-A68D-7590B98EB39B}
		{7EEF6F6E-6E03-4800-A77F-C5C03463A595} = {827E0CD3-B72D-47B6-A68D-7590B98EB39B}
		{CA59F1D6-5C11-40B5-92B4-215359618ACD} = {0AB3BF05-4346-4AA6-1389-037BE0695223}
		{3EAD4FD0-62C4-4D6F-B06A-92E449DD892E} = {0AB3BF05-4346-4AA6-1389-037BE0695223}
		{53796230-1EA5-4DC1-BEF5-9EC140716B9F} = {07C2787E-EAC7-C090-1BA3-A61EC2A24D84}
	EndGlobalSection
EndGlobal
